
Microsoft Visual Studio Solution File, Format Version 12.00
# Visual Studio Version 17
VisualStudioVersion = 17.4.33110.190
MinimumVisualStudioVersion = 10.0.40219.1
Project("{FAE04EC0-301F-11D3-BF4B-00C04F79EFBC}") = "Crud1", "Crud1\Crud1.csproj", "{1B1495E1-471A-46FF-9C7D-DFD62642420A}"
EndProject
Global
	GlobalSection(SolutionConfigurationPlatforms) = preSolution
		Debug|Any CPU = Debug|Any CPU
		Release|Any CPU = Release|Any CPU
	EndGlobalSection
	GlobalSection(ProjectConfigurationPlatforms) = postSolution
		{1B1495E1-471A-46FF-9C7D-DFD62642420A}.Debug|Any CPU.ActiveCfg = Debug|Any CPU
		{1B1495E1-471A-46FF-9C7D-DFD62642420A}.Debug|Any CPU.Build.0 = Debug|Any CPU
		{1B1495E1-471A-46FF-9C7D-DFD62642420A}.Release|Any CPU.ActiveCfg = Release|Any CPU
		{1B1495E1-471A-46FF-9C7D-DFD62642420A}.Release|Any CPU.Build.0 = Release|Any CPU
	EndGlobalSection
	GlobalSection(SolutionProperties) = preSolution
		HideSolutionNode = FALSE
	EndGlobalSection
	GlobalSection(ExtensibilityGlobals) = postSolution
		SolutionGuid = {327F44A1-3531-40D1-AF2C-316C98E8E47E}
	EndGlobalSection
	dot
EndGlobal
